# THIS IS AN AUTOGENERATED FILE. DO NOT EDIT THIS FILE DIRECTLY.
# yarn lockfile v1


sweetalert2@^7.32.4:
  version "7.32.4"
  resolved "https://registry.yarnpkg.com/sweetalert2/-/sweetalert2-7.32.4.tgz#41afcba8595bceab637ce00f261b5d2dc85dc8d1"
  integrity sha512-KQbqbG+pSpgGn7UAJNKfaXlCt/KvaEnDKTN9mQB5wYLpQoZ380MFZfPcyHQB90d6rip7nhrltxaRU0MFXFsyog==
